
Microsoft Visual Studio Solution File, Format Version 12.00
# Visual Studio 14
VisualStudioVersion = 14.0.24720.0
MinimumVisualStudioVersion = 10.0.40219.1
Project("{FAE04EC0-301F-11D3-BF4B-00C04F79EFBC}") = "EHome.DnsServer", "EHome.DnsServer\EHome.DnsServer.csproj", "{6382BF7C-4F30-4E2A-BB03-64B411CC606C}"
EndProject
Project("{FAE04EC0-301F-11D3-BF4B-00C04F79EFBC}") = "EHome.DnsClient", "EHome.DnsClient\EHome.DnsClient.csproj", "{42F1419C-F5D6-41D3-808F-0227E98C88EC}"
EndProject
Global
	GlobalSection(SolutionConfigurationPlatforms) = preSolution
		Debug|Any CPU = Debug|Any CPU
		Release|Any CPU = Release|Any CPU
	EndGlobalSection
	GlobalSection(ProjectConfigurationPlatforms) = postSolution
		{6382BF7C-4F30-4E2A-BB03-64B411CC606C}.Debug|Any CPU.ActiveCfg = Debug|Any CPU
		{6382BF7C-4F30-4E2A-BB03-64B411CC606C}.Debug|Any CPU.Build.0 = Debug|Any CPU
		{6382BF7C-4F30-4E2A-BB03-64B411CC606C}.Release|Any CPU.ActiveCfg = Release|Any CPU
		{6382BF7C-4F30-4E2A-BB03-64B411CC606C}.Release|Any CPU.Build.0 = Release|Any CPU
		{42F1419C-F5D6-41D3-808F-0227E98C88EC}.Debug|Any CPU.ActiveCfg = Debug|Any CPU
		{42F1419C-F5D6-41D3-808F-0227E98C88EC}.Debug|Any CPU.Build.0 = Debug|Any CPU
		{42F1419C-F5D6-41D3-808F-0227E98C88EC}.Release|Any CPU.ActiveCfg = Release|Any CPU
		{42F1419C-F5D6-41D3-808F-0227E98C88EC}.Release|Any CPU.Build.0 = Release|Any CPU
	EndGlobalSection
	GlobalSection(SolutionProperties) = preSolution
		HideSolutionNode = FALSE
	EndGlobalSection
EndGlobal
